
Microsoft Visual Studio Solution File, Format Version 12.00
Project("{2150E333-8FDC-42A3-9474-1A3956D46DE8}") = "src", "src", "{E3E303D9-DE45-47EE-A682-AB6169E47ECA}"
EndProject
Project("{2150E333-8FDC-42A3-9474-1A3956D46DE8}") = "tests", "tests", "{7EE48AC7-F047-4B11-848C-9ABB9FAE4FE3}"
EndProject
Project("{2150E333-8FDC-42A3-9474-1A3956D46DE8}") = "docs", "docs", "{6E6CB4ED-3186-4D0E-9D90-25327023552B}"
EndProject
Project("{2150E333-8FDC-42A3-9474-1A3956D46DE8}") = "libs", "libs", "{9E1A3F00-EC11-4E72-BAAE-D27227981AE2}"
EndProject
Project("{FAE04EC0-301F-11D3-BF4B-00C04F79EFBC}") = "ABSWorlds", "src\ABSWorlds\ABSWorlds.csproj", "{AA994A7C-DFC7-46C8-B5D8-423B00EA0E2B}"
EndProject
Global
	GlobalSection(SolutionConfigurationPlatforms) = preSolution
		Debug|Any CPU = Debug|Any CPU
		Release|Any CPU = Release|Any CPU
	EndGlobalSection
	GlobalSection(NestedProjects) = preSolution
		{AA994A7C-DFC7-46C8-B5D8-423B00EA0E2B} = {E3E303D9-DE45-47EE-A682-AB6169E47ECA}
	EndGlobalSection
	GlobalSection(ProjectConfigurationPlatforms) = postSolution
		{AA994A7C-DFC7-46C8-B5D8-423B00EA0E2B}.Debug|Any CPU.ActiveCfg = Debug|Any CPU
		{AA994A7C-DFC7-46C8-B5D8-423B00EA0E2B}.Debug|Any CPU.Build.0 = Debug|Any CPU
		{AA994A7C-DFC7-46C8-B5D8-423B00EA0E2B}.Release|Any CPU.ActiveCfg = Release|Any CPU
		{AA994A7C-DFC7-46C8-B5D8-423B00EA0E2B}.Release|Any CPU.Build.0 = Release|Any CPU
	EndGlobalSection
EndGlobal
